
Microsoft Visual Studio Solution File, Format Version 12.00
# Visual Studio Version 17
VisualStudioVersion = 17.0.32014.148
MinimumVisualStudioVersion = 10.0.40219.1
Project("{FAE04EC0-301F-11D3-BF4B-00C04F79EFBC}") = "BookReviewAPI", "BookReviewAPI\BookReviewAPI.csproj", "{9F67494A-7B0D-4971-9FEB-5EAFA523E963}"
EndProject
Global
	GlobalSection(SolutionConfigurationPlatforms) = preSolution
		Debug|Any CPU = Debug|Any CPU
		Release|Any CPU = Release|Any CPU
	EndGlobalSection
	GlobalSection(ProjectConfigurationPlatforms) = postSolution
		{9F67494A-7B0D-4971-9FEB-5EAFA523E963}.Debug|Any CPU.ActiveCfg = Debug|Any CPU
		{9F67494A-7B0D-4971-9FEB-5EAFA523E963}.Debug|Any CPU.Build.0 = Debug|Any CPU
		{9F67494A-7B0D-4971-9FEB-5EAFA523E963}.Release|Any CPU.ActiveCfg = Release|Any CPU
		{9F67494A-7B0D-4971-9FEB-5EAFA523E963}.Release|Any CPU.Build.0 = Release|Any CPU
	EndGlobalSection
	GlobalSection(SolutionProperties) = preSolution
		HideSolutionNode = FALSE
	EndGlobalSection
	GlobalSection(ExtensibilityGlobals) = postSolution
		SolutionGuid = {2A4F5DB0-C9E1-4F0F-A300-1F21F03F6E7C}
	EndGlobalSection
EndGlobal
